
Microsoft Visual Studio Solution File, Format Version 12.00
# Visual Studio 14
VisualStudioVersion = 14.0.25420.1
MinimumVisualStudioVersion = 10.0.40219.1
Project("{FAE04EC0-301F-11D3-BF4B-00C04F79EFBC}") = "CsDummyProject", "CsDummyProject\CsDummyProject.csproj", "{BBB7217B-A855-4596-9F29-326941CD3F2E}"
EndProject
Global
	GlobalSection(SolutionConfigurationPlatforms) = preSolution
		Debug|Any CPU = Debug|Any CPU
		Release|Any CPU = Release|Any CPU
	EndGlobalSection
	GlobalSection(ProjectConfigurationPlatforms) = postSolution
		{BBB7217B-A855-4596-9F29-326941CD3F2E}.Debug|Any CPU.ActiveCfg = Debug|Any CPU
		{BBB7217B-A855-4596-9F29-326941CD3F2E}.Debug|Any CPU.Build.0 = Debug|Any CPU
		{BBB7217B-A855-4596-9F29-326941CD3F2E}.Release|Any CPU.ActiveCfg = Release|Any CPU
		{BBB7217B-A855-4596-9F29-326941CD3F2E}.Release|Any CPU.Build.0 = Release|Any CPU
	EndGlobalSection
	GlobalSection(SolutionProperties) = preSolution
		HideSolutionNode = FALSE
	EndGlobalSection
EndGlobal
